
Microsoft Visual Studio Solution File, Format Version 12.00
# Visual Studio Version 17
VisualStudioVersion = 17.5.002.0
MinimumVisualStudioVersion = 10.0.40219.1
Project("{9A19103F-16F7-4668-BE54-9A1E7A4F7556}") = "ClinicService", "ClinicService.csproj", "{C01AE2EE-80DA-4B30-B6D1-9A12AA90946C}"
EndProject
Global
	GlobalSection(SolutionConfigurationPlatforms) = preSolution
		Debug|Any CPU = Debug|Any CPU
		Release|Any CPU = Release|Any CPU
	EndGlobalSection
	GlobalSection(ProjectConfigurationPlatforms) = postSolution
		{C01AE2EE-80DA-4B30-B6D1-9A12AA90946C}.Debug|Any CPU.ActiveCfg = Debug|Any CPU
		{C01AE2EE-80DA-4B30-B6D1-9A12AA90946C}.Debug|Any CPU.Build.0 = Debug|Any CPU
		{C01AE2EE-80DA-4B30-B6D1-9A12AA90946C}.Release|Any CPU.ActiveCfg = Release|Any CPU
		{C01AE2EE-80DA-4B30-B6D1-9A12AA90946C}.Release|Any CPU.Build.0 = Release|Any CPU
	EndGlobalSection
	GlobalSection(SolutionProperties) = preSolution
		HideSolutionNode = FALSE
	EndGlobalSection
	GlobalSection(ExtensibilityGlobals) = postSolution
		SolutionGuid = {C0017FC0-D5AB-4300-8829-A9D2E0A3A2C7}
	EndGlobalSection
EndGlobal
